
Microsoft Visual Studio Solution File, Format Version 12.00
# Visual Studio Version 17
VisualStudioVersion = 17.2.32526.322
MinimumVisualStudioVersion = 10.0.40219.1
Project("{FAE04EC0-301F-11D3-BF4B-00C04F79EFBC}") = "TicTacToe", "TicTacToe\TicTacToe.csproj", "{ABD9B508-3A71-481A-BB6C-5A4904E0777C}"
EndProject
Global
	GlobalSection(SolutionConfigurationPlatforms) = preSolution
		Debug|Any CPU = Debug|Any CPU
		Release|Any CPU = Release|Any CPU
	EndGlobalSection
	GlobalSection(ProjectConfigurationPlatforms) = postSolution
		{ABD9B508-3A71-481A-BB6C-5A4904E0777C}.Debug|Any CPU.ActiveCfg = Debug|Any CPU
		{ABD9B508-3A71-481A-BB6C-5A4904E0777C}.Debug|Any CPU.Build.0 = Debug|Any CPU
		{ABD9B508-3A71-481A-BB6C-5A4904E0777C}.Release|Any CPU.ActiveCfg = Release|Any CPU
		{ABD9B508-3A71-481A-BB6C-5A4904E0777C}.Release|Any CPU.Build.0 = Release|Any CPU
	EndGlobalSection
	GlobalSection(SolutionProperties) = preSolution
		HideSolutionNode = FALSE
	EndGlobalSection
	GlobalSection(ExtensibilityGlobals) = postSolution
		SolutionGuid = {BD489254-64C0-4918-BDBC-C4ADEC0C09B6}
	EndGlobalSection
EndGlobal
